// !$*UTF8*$!
{
	archiveVersion = 1;
	classes = {
	};
	objectVersion = 46;
	objects = {

/* Begin PBXBuildFile section */
		C7C479F11910EECA00009699 /* Foundation.framework in Frameworks */ = {isa = PBXBuildFile; fileRef = C7C479F01910EECA00009699 /* Foundation.framework */; };
		C7C479F31910EECA00009699 /* CoreGraphics.framework in Frameworks */ = {isa = PBXBuildFile; fileRef = C7C479F21910EECA00009699 /* CoreGraphics.framework */; };
		C7C479F51910EECA00009699 /* UIKit.framework in Frameworks */ = {isa = PBXBuildFile; fileRef = C7C479F41910EECA00009699 /* UIKit.framework */; };
		C7C479FB1910EECA00009699 /* InfoPlist.strings in Resources */ = {isa = PBXBuildFile; fileRef = C7C479F91910EECA00009699 /* InfoPlist.strings */; };
		C7C479FD1910EECA00009699 /* main.m in Sources */ = {isa = PBXBuildFile; fileRef = C7C479FC1910EECA00009699 /* main.m */; };
		C7C47A011910EECA00009699 /* AppDelegate.m in Sources */ = {isa = PBXBuildFile; fileRef = C7C47A001910EECA00009699 /* AppDelegate.m */; };
		C7C47A041910EECA00009699 /* Main.storyboard in Resources */ = {isa = PBXBuildFile; fileRef = C7C47A021910EECA00009699 /* Main.storyboard */; };
		C7C47A091910EECA00009699 /* Images.xcassets in Resources */ = {isa = PBXBuildFile; fileRef = C7C47A081910EECA00009699 /* Images.xcassets */; };
		C7C47A101910EECB00009699 /* XCTest.framework in Frameworks */ = {isa = PBXBuildFile; fileRef = C7C47A0F1910EECB00009699 /* XCTest.framework */; };
		C7C47A111910EECB00009699 /* Foundation.framework in Frameworks */ = {isa = PBXBuildFile; fileRef = C7C479F01910EECA00009699 /* Foundation.framework */; };
		C7C47A121910EECB00009699 /* UIKit.framework in Frameworks */ = {isa = PBXBuildFile; fileRef = C7C479F41910EECA00009699 /* UIKit.framework */; };
		C7C47A1A1910EECB00009699 /* InfoPlist.strings in Resources */ = {isa = PBXBuildFile; fileRef = C7C47A181910EECB00009699 /* InfoPlist.strings */; };
		C7C47A1C1910EECB00009699 /* GLGroupChatPicViewTests.m in Sources */ = {isa = PBXBuildFile; fileRef = C7C47A1B1910EECB00009699 /* GLGroupChatPicViewTests.m */; };
		C7C47A271910F7BD00009699 /* SessionListController.m in Sources */ = {isa = PBXBuildFile; fileRef = C7C47A261910F7BD00009699 /* SessionListController.m */; };
		C7C47A2A1910F8F400009699 /* SessionCell.m in Sources */ = {isa = PBXBuildFile; fileRef = C7C47A291910F8F400009699 /* SessionCell.m */; };
		C7C47A2D1910F9A600009699 /* SessionModel.m in Sources */ = {isa = PBXBuildFile; fileRef = C7C47A2C1910F9A600009699 /* SessionModel.m */; };
		C7C47A301911015400009699 /* GLGroupChatPicView.m in Sources */ = {isa = PBXBuildFile; fileRef = C7C47A2F1911015400009699 /* GLGroupChatPicView.m */; };
		C7C47A3819111F1A00009699 /* data.json in Resources */ = {isa = PBXBuildFile; fileRef = C7C47A3719111F1A00009699 /* data.json */; };
		C7C47A4A1911226400009699 /* 1.png in Resources */ = {isa = PBXBuildFile; fileRef = C7C47A3A1911226400009699 /* 1.png */; };
		C7C47A4B1911226400009699 /* 10.png in Resources */ = {isa = PBXBuildFile; fileRef = C7C47A3B1911226400009699 /* 10.png */; };
		C7C47A4C1911226400009699 /* 11.png in Resources */ = {isa = PBXBuildFile; fileRef = C7C47A3C1911226400009699 /* 11.png */; };
		C7C47A4D1911226400009699 /* 12.png in Resources */ = {isa = PBXBuildFile; fileRef = C7C47A3D1911226400009699 /* 12.png */; };
		C7C47A4E1911226400009699 /* 13.png in Resources */ = {isa = PBXBuildFile; fileRef = C7C47A3E1911226400009699 /* 13.png */; };
		C7C47A4F1911226400009699 /* 14.png in Resources */ = {isa = PBXBuildFile; fileRef = C7C47A3F1911226400009699 /* 14.png */; };
		C7C47A501911226400009699 /* 15.png in Resources */ = {isa = PBXBuildFile; fileRef = C7C47A401911226400009699 /* 15.png */; };
		C7C47A511911226400009699 /* 16.png in Resources */ = {isa = PBXBuildFile; fileRef = C7C47A411911226400009699 /* 16.png */; };
		C7C47A521911226400009699 /* 2.png in Resources */ = {isa = PBXBuildFile; fileRef = C7C47A421911226400009699 /* 2.png */; };
		C7C47A531911226400009699 /* 3.png in Resources */ = {isa = PBXBuildFile; fileRef = C7C47A431911226400009699 /* 3.png */; };
		C7C47A541911226400009699 /* 4.png in Resources */ = {isa = PBXBuildFile; fileRef = C7C47A441911226400009699 /* 4.png */; };
		C7C47A551911226400009699 /* 5.png in Resources */ = {isa = PBXBuildFile; fileRef = C7C47A451911226400009699 /* 5.png */; };
		C7C47A561911226400009699 /* 6.png in Resources */ = {isa = PBXBuildFile; fileRef = C7C47A461911226400009699 /* 6.png */; };
		C7C47A571911226400009699 /* 7.png in Resources */ = {isa = PBXBuildFile; fileRef = C7C47A471911226400009699 /* 7.png */; };
		C7C47A581911226400009699 /* 8.png in Resources */ = {isa = PBXBuildFile; fileRef = C7C47A481911226400009699 /* 8.png */; };
		C7C47A591911226400009699 /* 9.png in Resources */ = {isa = PBXBuildFile; fileRef = C7C47A491911226400009699 /* 9.png */; };
		C7C47A5C1911228A00009699 /* default_user.png in Resources */ = {isa = PBXBuildFile; fileRef = C7C47A5A1911228A00009699 /* default_user.png */; };
		C7C47A5D1911228A00009699 /* default_user@2x.png in Resources */ = {isa = PBXBuildFile; fileRef = C7C47A5B1911228A00009699 /* default_user@2x.png */; };
		C7C47A601912662700009699 /* MembersModel.m in Sources */ = {isa = PBXBuildFile; fileRef = C7C47A5F1912662700009699 /* MembersModel.m */; };
/* End PBXBuildFile section */

/* Begin PBXContainerItemProxy section */
		C7C47A131910EECB00009699 /* PBXContainerItemProxy */ = {
			isa = PBXContainerItemProxy;
			containerPortal = C7C479E51910EECA00009699 /* Project object */;
			proxyType = 1;
			remoteGlobalIDString = C7C479EC1910EECA00009699;
			remoteInfo = ChatImageConcept;
		};
/* End PBXContainerItemProxy section */

/* Begin PBXFileReference section */
		C7C479ED1910EECA00009699 /* GLGroupChatPicView.app */ = {isa = PBXFileReference; explicitFileType = wrapper.application; includeInIndex = 0; path = GLGroupChatPicView.app; sourceTree = BUILT_PRODUCTS_DIR; };
		C7C479F01910EECA00009699 /* Foundation.framework */ = {isa = PBXFileReference; lastKnownFileType = wrapper.framework; name = Foundation.framework; path = System/Library/Frameworks/Foundation.framework; sourceTree = SDKROOT; };
		C7C479F21910EECA00009699 /* CoreGraphics.framework */ = {isa = PBXFileReference; lastKnownFileType = wrapper.framework; name = CoreGraphics.framework; path = System/Library/Frameworks/CoreGraphics.framework; sourceTree = SDKROOT; };
		C7C479F41910EECA00009699 /* UIKit.framework */ = {isa = PBXFileReference; lastKnownFileType = wrapper.framework; name = UIKit.framework; path = System/Library/Frameworks/UIKit.framework; sourceTree = SDKROOT; };
		C7C479F81910EECA00009699 /* GLGroupChatPicView-Info.plist */ = {isa = PBXFileReference; lastKnownFileType = text.plist.xml; path = "GLGroupChatPicView-Info.plist"; sourceTree = "<group>"; };
		C7C479FA1910EECA00009699 /* en */ = {isa = PBXFileReference; lastKnownFileType = text.plist.strings; name = en; path = en.lproj/InfoPlist.strings; sourceTree = "<group>"; };
		C7C479FC1910EECA00009699 /* main.m */ = {isa = PBXFileReference; lastKnownFileType = sourcecode.c.objc; path = main.m; sourceTree = "<group>"; };
		C7C479FE1910EECA00009699 /* GLGroupChatPicView-Prefix.pch */ = {isa = PBXFileReference; lastKnownFileType = sourcecode.c.h; path = "GLGroupChatPicView-Prefix.pch"; sourceTree = "<group>"; };
		C7C479FF1910EECA00009699 /* AppDelegate.h */ = {isa = PBXFileReference; lastKnownFileType = sourcecode.c.h; path = AppDelegate.h; sourceTree = "<group>"; };
		C7C47A001910EECA00009699 /* AppDelegate.m */ = {isa = PBXFileReference; lastKnownFileType = sourcecode.c.objc; path = AppDelegate.m; sourceTree = "<group>"; };
		C7C47A031910EECA00009699 /* Base */ = {isa = PBXFileReference; lastKnownFileType = file.storyboard; name = Base; path = Base.lproj/Main.storyboard; sourceTree = "<group>"; };
		C7C47A081910EECA00009699 /* Images.xcassets */ = {isa = PBXFileReference; lastKnownFileType = folder.assetcatalog; path = Images.xcassets; sourceTree = "<group>"; };
		C7C47A0E1910EECB00009699 /* GLGroupChatPicViewTests.xctest */ = {isa = PBXFileReference; explicitFileType = wrapper.cfbundle; includeInIndex = 0; path = GLGroupChatPicViewTests.xctest; sourceTree = BUILT_PRODUCTS_DIR; };
		C7C47A0F1910EECB00009699 /* XCTest.framework */ = {isa = PBXFileReference; lastKnownFileType = wrapper.framework; name = XCTest.framework; path = Library/Frameworks/XCTest.framework; sourceTree = DEVELOPER_DIR; };
		C7C47A171910EECB00009699 /* GLGroupChatPicViewTests-Info.plist */ = {isa = PBXFileReference; lastKnownFileType = text.plist.xml; path = "GLGroupChatPicViewTests-Info.plist"; sourceTree = "<group>"; };
		C7C47A191910EECB00009699 /* en */ = {isa = PBXFileReference; lastKnownFileType = text.plist.strings; name = en; path = en.lproj/InfoPlist.strings; sourceTree = "<group>"; };
		C7C47A1B1910EECB00009699 /* GLGroupChatPicViewTests.m */ = {isa = PBXFileReference; lastKnownFileType = sourcecode.c.objc; path = GLGroupChatPicViewTests.m; sourceTree = "<group>"; };
		C7C47A251910F7BD00009699 /* SessionListController.h */ = {isa = PBXFileReference; fileEncoding = 4; lastKnownFileType = sourcecode.c.h; path = SessionListController.h; sourceTree = "<group>"; };
		C7C47A261910F7BD00009699 /* SessionListController.m */ = {isa = PBXFileReference; fileEncoding = 4; lastKnownFileType = sourcecode.c.objc; path = SessionListController.m; sourceTree = "<group>"; };
		C7C47A281910F8F400009699 /* SessionCell.h */ = {isa = PBXFileReference; fileEncoding = 4; lastKnownFileType = sourcecode.c.h; path = SessionCell.h; sourceTree = "<group>"; };
		C7C47A291910F8F400009699 /* SessionCell.m */ = {isa = PBXFileReference; fileEncoding = 4; lastKnownFileType = sourcecode.c.objc; path = SessionCell.m; sourceTree = "<group>"; };
		C7C47A2B1910F9A600009699 /* SessionModel.h */ = {isa = PBXFileReference; fileEncoding = 4; lastKnownFileType = sourcecode.c.h; path = SessionModel.h; sourceTree = "<group>"; };
		C7C47A2C1910F9A600009699 /* SessionModel.m */ = {isa = PBXFileReference; fileEncoding = 4; lastKnownFileType = sourcecode.c.objc; path = SessionModel.m; sourceTree = "<group>"; };
		C7C47A2E1911015400009699 /* GLGroupChatPicView.h */ = {isa = PBXFileReference; fileEncoding = 4; lastKnownFileType = sourcecode.c.h; path = GLGroupChatPicView.h; sourceTree = "<group>"; };
		C7C47A2F1911015400009699 /* GLGroupChatPicView.m */ = {isa = PBXFileReference; fileEncoding = 4; lastKnownFileType = sourcecode.c.objc; path = GLGroupChatPicView.m; sourceTree = "<group>"; };
		C7C47A3719111F1A00009699 /* data.json */ = {isa = PBXFileReference; fileEncoding = 4; lastKnownFileType = text.json; path = data.json; sourceTree = "<group>"; };
		C7C47A3A1911226400009699 /* 1.png */ = {isa = PBXFileReference; lastKnownFileType = image.png; path = 1.png; sourceTree = "<group>"; };
		C7C47A3B1911226400009699 /* 10.png */ = {isa = PBXFileReference; lastKnownFileType = image.png; path = 10.png; sourceTree = "<group>"; };
		C7C47A3C1911226400009699 /* 11.png */ = {isa = PBXFileReference; lastKnownFileType = image.png; path = 11.png; sourceTree = "<group>"; };
		C7C47A3D1911226400009699 /* 12.png */ = {isa = PBXFileReference; lastKnownFileType = image.png; path = 12.png; sourceTree = "<group>"; };
		C7C47A3E1911226400009699 /* 13.png */ = {isa = PBXFileReference; lastKnownFileType = image.png; path = 13.png; sourceTree = "<group>"; };
		C7C47A3F1911226400009699 /* 14.png */ = {isa = PBXFileReference; lastKnownFileType = image.png; path = 14.png; sourceTree = "<group>"; };
		C7C47A401911226400009699 /* 15.png */ = {isa = PBXFileReference; lastKnownFileType = image.png; path = 15.png; sourceTree = "<group>"; };
		C7C47A411911226400009699 /* 16.png */ = {isa = PBXFileReference; lastKnownFileType = image.png; path = 16.png; sourceTree = "<group>"; };
		C7C47A421911226400009699 /* 2.png */ = {isa = PBXFileReference; lastKnownFileType = image.png; path = 2.png; sourceTree = "<group>"; };
		C7C47A431911226400009699 /* 3.png */ = {isa = PBXFileReference; lastKnownFileType = image.png; path = 3.png; sourceTree = "<group>"; };
		C7C47A441911226400009699 /* 4.png */ = {isa = PBXFileReference; lastKnownFileType = image.png; path = 4.png; sourceTree = "<group>"; };
		C7C47A451911226400009699 /* 5.png */ = {isa = PBXFileReference; lastKnownFileType = image.png; path = 5.png; sourceTree = "<group>"; };
		C7C47A461911226400009699 /* 6.png */ = {isa = PBXFileReference; lastKnownFileType = image.png; path = 6.png; sourceTree = "<group>"; };
		C7C47A471911226400009699 /* 7.png */ = {isa = PBXFileReference; lastKnownFileType = image.png; path = 7.png; sourceTree = "<group>"; };
		C7C47A481911226400009699 /* 8.png */ = {isa = PBXFileReference; lastKnownFileType = image.png; path = 8.png; sourceTree = "<group>"; };
		C7C47A491911226400009699 /* 9.png */ = {isa = PBXFileReference; lastKnownFileType = image.png; path = 9.png; sourceTree = "<group>"; };
		C7C47A5A1911228A00009699 /* default_user.png */ = {isa = PBXFileReference; lastKnownFileType = image.png; path = default_user.png; sourceTree = "<group>"; };
		C7C47A5B1911228A00009699 /* default_user@2x.png */ = {isa = PBXFileReference; lastKnownFileType = image.png; path = "default_user@2x.png"; sourceTree = "<group>"; };
		C7C47A5E1912662700009699 /* MembersModel.h */ = {isa = PBXFileReference; fileEncoding = 4; lastKnownFileType = sourcecode.c.h; path = MembersModel.h; sourceTree = "<group>"; };
		C7C47A5F1912662700009699 /* MembersModel.m */ = {isa = PBXFileReference; fileEncoding = 4; lastKnownFileType = sourcecode.c.objc; path = MembersModel.m; sourceTree = "<group>"; };
/* End PBXFileReference section */

/* Begin PBXFrameworksBuildPhase section */
		C7C479EA1910EECA00009699 /* Frameworks */ = {
			isa = PBXFrameworksBuildPhase;
			buildActionMask = 2147483647;
			files = (
				C7C479F31910EECA00009699 /* CoreGraphics.framework in Frameworks */,
				C7C479F51910EECA00009699 /* UIKit.framework in Frameworks */,
				C7C479F11910EECA00009699 /* Foundation.framework in Frameworks */,
			);
			runOnlyForDeploymentPostprocessing = 0;
		};
		C7C47A0B1910EECB00009699 /* Frameworks */ = {
			isa = PBXFrameworksBuildPhase;
			buildActionMask = 2147483647;
			files = (
				C7C47A101910EECB00009699 /* XCTest.framework in Frameworks */,
				C7C47A121910EECB00009699 /* UIKit.framework in Frameworks */,
				C7C47A111910EECB00009699 /* Foundation.framework in Frameworks */,
			);
			runOnlyForDeploymentPostprocessing = 0;
		};
/* End PBXFrameworksBuildPhase section */

/* Begin PBXGroup section */
		C7C479E41910EECA00009699 = {
			isa = PBXGroup;
			children = (
				C7C479F61910EECA00009699 /* GLGroupChatPicView */,
				C7C47A151910EECB00009699 /* GLGroupChatPicViewTests */,
				C7C479EF1910EECA00009699 /* Frameworks */,
				C7C479EE1910EECA00009699 /* Products */,
			);
			sourceTree = "<group>";
		};
		C7C479EE1910EECA00009699 /* Products */ = {
			isa = PBXGroup;
			children = (
				C7C479ED1910EECA00009699 /* GLGroupChatPicView.app */,
				C7C47A0E1910EECB00009699 /* GLGroupChatPicViewTests.xctest */,
			);
			name = Products;
			sourceTree = "<group>";
		};
		C7C479EF1910EECA00009699 /* Frameworks */ = {
			isa = PBXGroup;
			children = (
				C7C479F01910EECA00009699 /* Foundation.framework */,
				C7C479F21910EECA00009699 /* CoreGraphics.framework */,
				C7C479F41910EECA00009699 /* UIKit.framework */,
				C7C47A0F1910EECB00009699 /* XCTest.framework */,
			);
			name = Frameworks;
			sourceTree = "<group>";
		};
		C7C479F61910EECA00009699 /* GLGroupChatPicView */ = {
			isa = PBXGroup;
			children = (
				C7C47A391911226400009699 /* images */,
				C7C479FF1910EECA00009699 /* AppDelegate.h */,
				C7C47A001910EECA00009699 /* AppDelegate.m */,
				C7C47A021910EECA00009699 /* Main.storyboard */,
				C7C47A081910EECA00009699 /* Images.xcassets */,
				C7C479F71910EECA00009699 /* Supporting Files */,
				C7C47A251910F7BD00009699 /* SessionListController.h */,
				C7C47A261910F7BD00009699 /* SessionListController.m */,
				C7C47A281910F8F400009699 /* SessionCell.h */,
				C7C47A291910F8F400009699 /* SessionCell.m */,
				C7C47A2B1910F9A600009699 /* SessionModel.h */,
				C7C47A2C1910F9A600009699 /* SessionModel.m */,
				C7C47A2E1911015400009699 /* GLGroupChatPicView.h */,
				C7C47A2F1911015400009699 /* GLGroupChatPicView.m */,
				C7C47A5E1912662700009699 /* MembersModel.h */,
				C7C47A5F1912662700009699 /* MembersModel.m */,
			);
			path = GLGroupChatPicView;
			sourceTree = "<group>";
		};
		C7C479F71910EECA00009699 /* Supporting Files */ = {
			isa = PBXGroup;
			children = (
				C7C47A3719111F1A00009699 /* data.json */,
				C7C479F81910EECA00009699 /* GLGroupChatPicView-Info.plist */,
				C7C479F91910EECA00009699 /* InfoPlist.strings */,
				C7C479FC1910EECA00009699 /* main.m */,
				C7C479FE1910EECA00009699 /* GLGroupChatPicView-Prefix.pch */,
			);
			name = "Supporting Files";
			sourceTree = "<group>";
		};
		C7C47A151910EECB00009699 /* GLGroupChatPicViewTests */ = {
			isa = PBXGroup;
			children = (
				C7C47A1B1910EECB00009699 /* GLGroupChatPicViewTests.m */,
				C7C47A161910EECB00009699 /* Supporting Files */,
			);
			path = GLGroupChatPicViewTests;
			sourceTree = "<group>";
		};
		C7C47A161910EECB00009699 /* Supporting Files */ = {
			isa = PBXGroup;
			children = (
				C7C47A171910EECB00009699 /* GLGroupChatPicViewTests-Info.plist */,
				C7C47A181910EECB00009699 /* InfoPlist.strings */,
			);
			name = "Supporting Files";
			sourceTree = "<group>";
		};
		C7C47A391911226400009699 /* images */ = {
			isa = PBXGroup;
			children = (
				C7C47A5A1911228A00009699 /* default_user.png */,
				C7C47A5B1911228A00009699 /* default_user@2x.png */,
				C7C47A3A1911226400009699 /* 1.png */,
				C7C47A3B1911226400009699 /* 10.png */,
				C7C47A3C1911226400009699 /* 11.png */,
				C7C47A3D1911226400009699 /* 12.png */,
				C7C47A3E1911226400009699 /* 13.png */,
				C7C47A3F1911226400009699 /* 14.png */,
				C7C47A401911226400009699 /* 15.png */,
				C7C47A411911226400009699 /* 16.png */,
				C7C47A421911226400009699 /* 2.png */,
				C7C47A431911226400009699 /* 3.png */,
				C7C47A441911226400009699 /* 4.png */,
				C7C47A451911226400009699 /* 5.png */,
				C7C47A461911226400009699 /* 6.png */,
				C7C47A471911226400009699 /* 7.png */,
				C7C47A481911226400009699 /* 8.png */,
				C7C47A491911226400009699 /* 9.png */,
			);
			path = images;
			sourceTree = "<group>";
		};
/* End PBXGroup section */

/* Begin PBXNativeTarget section */
		C7C479EC1910EECA00009699 /* GLGroupChatPicView */ = {
			isa = PBXNativeTarget;
			buildConfigurationList = C7C47A1F1910EECB00009699 /* Build configuration list for PBXNativeTarget "GLGroupChatPicView" */;
			buildPhases = (
				C7C479E91910EECA00009699 /* Sources */,
				C7C479EA1910EECA00009699 /* Frameworks */,
				C7C479EB1910EECA00009699 /* Resources */,
			);
			buildRules = (
			);
			dependencies = (
			);
			name = GLGroupChatPicView;
			productName = ChatImageConcept;
			productReference = C7C479ED1910EECA00009699 /* GLGroupChatPicView.app */;
			productType = "com.apple.product-type.application";
		};
		C7C47A0D1910EECB00009699 /* GLGroupChatPicViewTests */ = {
			isa = PBXNativeTarget;
			buildConfigurationList = C7C47A221910EECB00009699 /* Build configuration list for PBXNativeTarget "GLGroupChatPicViewTests" */;
			buildPhases = (
				C7C47A0A1910EECB00009699 /* Sources */,
				C7C47A0B1910EECB00009699 /* Frameworks */,
				C7C47A0C1910EECB00009699 /* Resources */,
			);
			buildRules = (
			);
			dependencies = (
				C7C47A141910EECB00009699 /* PBXTargetDependency */,
			);
			name = GLGroupChatPicViewTests;
			productName = ChatImageConceptTests;
			productReference = C7C47A0E1910EECB00009699 /* GLGroupChatPicViewTests.xctest */;
			productType = "com.apple.product-type.bundle.unit-test";
		};
/* End PBXNativeTarget section */

/* Begin PBXProject section */
		C7C479E51910EECA00009699 /* Project object */ = {
			isa = PBXProject;
			attributes = {
				LastUpgradeCheck = 0720;
				ORGANIZATIONNAME = "Gautam Lodhiya";
				TargetAttributes = {
					C7C47A0D1910EECB00009699 = {
						TestTargetID = C7C479EC1910EECA00009699;
					};
				};
			};
			buildConfigurationList = C7C479E81910EECA00009699 /* Build configuration list for PBXProject "GLGroupChatPicView" */;
			compatibilityVersion = "Xcode 3.2";
			developmentRegion = English;
			hasScannedForEncodings = 0;
			knownRegions = (
				en,
				Base,
			);
			mainGroup = C7C479E41910EECA00009699;
			productRefGroup = C7C479EE1910EECA00009699 /* Products */;
			projectDirPath = "";
			projectRoot = "";
			targets = (
				C7C479EC1910EECA00009699 /* GLGroupChatPicView */,
				C7C47A0D1910EECB00009699 /* GLGroupChatPicViewTests */,
			);
		};
/* End PBXProject section */

/* Begin PBXResourcesBuildPhase section */
		C7C479EB1910EECA00009699 /* Resources */ = {
			isa = PBXResourcesBuildPhase;
			buildActionMask = 2147483647;
			files = (
				C7C47A501911226400009699 /* 15.png in Resources */,
				C7C47A4D1911226400009699 /* 12.png in Resources */,
				C7C47A091910EECA00009699 /* Images.xcassets in Resources */,
				C7C47A3819111F1A00009699 /* data.json in Resources */,
				C7C47A541911226400009699 /* 4.png in Resources */,
				C7C47A511911226400009699 /* 16.png in Resources */,
				C7C47A581911226400009699 /* 8.png in Resources */,
				C7C47A4B1911226400009699 /* 10.png in Resources */,
				C7C47A571911226400009699 /* 7.png in Resources */,
				C7C479FB1910EECA00009699 /* InfoPlist.strings in Resources */,
				C7C47A4E1911226400009699 /* 13.png in Resources */,
				C7C47A591911226400009699 /* 9.png in Resources */,
				C7C47A4C1911226400009699 /* 11.png in Resources */,
				C7C47A561911226400009699 /* 6.png in Resources */,
				C7C47A041910EECA00009699 /* Main.storyboard in Resources */,
				C7C47A531911226400009699 /* 3.png in Resources */,
				C7C47A521911226400009699 /* 2.png in Resources */,
				C7C47A551911226400009699 /* 5.png in Resources */,
				C7C47A4F1911226400009699 /* 14.png in Resources */,
				C7C47A4A1911226400009699 /* 1.png in Resources */,
				C7C47A5C1911228A00009699 /* default_user.png in Resources */,
				C7C47A5D1911228A00009699 /* default_user@2x.png in Resources */,
			);
			runOnlyForDeploymentPostprocessing = 0;
		};
		C7C47A0C1910EECB00009699 /* Resources */ = {
			isa = PBXResourcesBuildPhase;
			buildActionMask = 2147483647;
			files = (
				C7C47A1A1910EECB00009699 /* InfoPlist.strings in Resources */,
			);
			runOnlyForDeploymentPostprocessing = 0;
		};
/* End PBXResourcesBuildPhase section */

/* Begin PBXSourcesBuildPhase section */
		C7C479E91910EECA00009699 /* Sources */ = {
			isa = PBXSourcesBuildPhase;
			buildActionMask = 2147483647;
			files = (
				C7C47A2A1910F8F400009699 /* SessionCell.m in Sources */,
				C7C47A601912662700009699 /* MembersModel.m in Sources */,
				C7C47A011910EECA00009699 /* AppDelegate.m in Sources */,
				C7C479FD1910EECA00009699 /* main.m in Sources */,
				C7C47A271910F7BD00009699 /* SessionListController.m in Sources */,
				C7C47A301911015400009699 /* GLGroupChatPicView.m in Sources */,
				C7C47A2D1910F9A600009699 /* SessionModel.m in Sources */,
			);
			runOnlyForDeploymentPostprocessing = 0;
		};
		C7C47A0A1910EECB00009699 /* Sources */ = {
			isa = PBXSourcesBuildPhase;
			buildActionMask = 2147483647;
			files = (
				C7C47A1C1910EECB00009699 /* GLGroupChatPicViewTests.m in Sources */,
			);
			runOnlyForDeploymentPostprocessing = 0;
		};
/* End PBXSourcesBuildPhase section */

/* Begin PBXTargetDependency section */
		C7C47A141910EECB00009699 /* PBXTargetDependency */ = {
			isa = PBXTargetDependency;
			target = C7C479EC1910EECA00009699 /* GLGroupChatPicView */;
			targetProxy = C7C47A131910EECB00009699 /* PBXContainerItemProxy */;
		};
/* End PBXTargetDependency section */

/* Begin PBXVariantGroup section */
		C7C479F91910EECA00009699 /* InfoPlist.strings */ = {
			isa = PBXVariantGroup;
			children = (
				C7C479FA1910EECA00009699 /* en */,
			);
			name = InfoPlist.strings;
			sourceTree = "<group>";
		};
		C7C47A021910EECA00009699 /* Main.storyboard */ = {
			isa = PBXVariantGroup;
			children = (
				C7C47A031910EECA00009699 /* Base */,
			);
			name = Main.storyboard;
			sourceTree = "<group>";
		};
		C7C47A181910EECB00009699 /* InfoPlist.strings */ = {
			isa = PBXVariantGroup;
			children = (
				C7C47A191910EECB00009699 /* en */,
			);
			name = InfoPlist.strings;
			sourceTree = "<group>";
		};
/* End PBXVariantGroup section */

/* Begin XCBuildConfiguration section */
		C7C47A1D1910EECB00009699 /* Debug */ = {
			isa = XCBuildConfiguration;
			buildSettings = {
				ALWAYS_SEARCH_USER_PATHS = NO;
				CLANG_CXX_LANGUAGE_STANDARD = "gnu++0x";
				CLANG_CXX_LIBRARY = "libc++";
				CLANG_ENABLE_MODULES = YES;
				CLANG_ENABLE_OBJC_ARC = YES;
				CLANG_WARN_BOOL_CONVERSION = YES;
				CLANG_WARN_CONSTANT_CONVERSION = YES;
				CLANG_WARN_DIRECT_OBJC_ISA_USAGE = YES_ERROR;
				CLANG_WARN_EMPTY_BODY = YES;
				CLANG_WARN_ENUM_CONVERSION = YES;
				CLANG_WARN_INT_CONVERSION = YES;
				CLANG_WARN_OBJC_ROOT_CLASS = YES_ERROR;
				CLANG_WARN__DUPLICATE_METHOD_MATCH = YES;
				"CODE_SIGN_IDENTITY[sdk=iphoneos*]" = "iPhone Developer";
				COPY_PHASE_STRIP = NO;
				ENABLE_TESTABILITY = YES;
				GCC_C_LANGUAGE_STANDARD = gnu99;
				GCC_DYNAMIC_NO_PIC = NO;
				GCC_OPTIMIZATION_LEVEL = 0;
				GCC_PREPROCESSOR_DEFINITIONS = (
					"DEBUG=1",
					"$(inherited)",
				);
				GCC_SYMBOLS_PRIVATE_EXTERN = NO;
				GCC_WARN_64_TO_32_BIT_CONVERSION = YES;
				GCC_WARN_ABOUT_RETURN_TYPE = YES_ERROR;
				GCC_WARN_UNDECLARED_SELECTOR = YES;
				GCC_WARN_UNINITIALIZED_AUTOS = YES_AGGRESSIVE;
				GCC_WARN_UNUSED_FUNCTION = YES;
				GCC_WARN_UNUSED_VARIABLE = YES;
				IPHONEOS_DEPLOYMENT_TARGET = 7.1;
				ONLY_ACTIVE_ARCH = YES;
				SDKROOT = iphoneos;
			};
			name = Debug;
		};
		C7C47A1E1910EECB00009699 /* Release */ = {
			isa = XCBuildConfiguration;
			buildSettings = {
				ALWAYS_SEARCH_USER_PATHS = NO;
				CLANG_CXX_LANGUAGE_STANDARD = "gnu++0x";
				CLANG_CXX_LIBRARY = "libc++";
				CLANG_ENABLE_MODULES = YES;
				CLANG_ENABLE_OBJC_ARC = YES;
				CLANG_WARN_BOOL_CONVERSION = YES;
				CLANG_WARN_CONSTANT_CONVERSION = YES;
				CLANG_WARN_DIRECT_OBJC_ISA_USAGE = YES_ERROR;
				CLANG_WARN_EMPTY_BODY = YES;
				CLANG_WARN_ENUM_CONVERSION = YES;
				CLANG_WARN_INT_CONVERSION = YES;
				CLANG_WARN_OBJC_ROOT_CLASS = YES_ERROR;
				CLANG_WARN__DUPLICATE_METHOD_MATCH = YES;
				"CODE_SIGN_IDENTITY[sdk=iphoneos*]" = "iPhone Developer";
				COPY_PHASE_STRIP = YES;
				ENABLE_NS_ASSERTIONS = NO;
				GCC_C_LANGUAGE_STANDARD = gnu99;
				GCC_WARN_64_TO_32_BIT_CONVERSION = YES;
				GCC_WARN_ABOUT_RETURN_TYPE = YES_ERROR;
				GCC_WARN_UNDECLARED_SELECTOR = YES;
				GCC_WARN_UNINITIALIZED_AUTOS = YES_AGGRESSIVE;
				GCC_WARN_UNUSED_FUNCTION = YES;
				GCC_WARN_UNUSED_VARIABLE = YES;
				IPHONEOS_DEPLOYMENT_TARGET = 7.1;
				SDKROOT = iphoneos;
				VALIDATE_PRODUCT = YES;
			};
			name = Release;
		};
		C7C47A201910EECB00009699 /* Debug */ = {
			isa = XCBuildConfiguration;
			buildSettings = {
				ASSETCATALOG_COMPILER_APPICON_NAME = AppIcon;
				ASSETCATALOG_COMPILER_LAUNCHIMAGE_NAME = LaunchImage;
				GCC_PRECOMPILE_PREFIX_HEADER = YES;
				GCC_PREFIX_HEADER = "GLGroupChatPicView/GLGroupChatPicView-Prefix.pch";
				INFOPLIST_FILE = "GLGroupChatPicView/GLGroupChatPicView-Info.plist";
				PRODUCT_BUNDLE_IDENTIFIER = "org.me.${PRODUCT_NAME:rfc1034identifier}";
				PRODUCT_NAME = GLGroupChatPicView;
				WRAPPER_EXTENSION = app;
			};
			name = Debug;
		};
		C7C47A211910EECB00009699 /* Release */ = {
			isa = XCBuildConfiguration;
			buildSettings = {
				ASSETCATALOG_COMPILER_APPICON_NAME = AppIcon;
				ASSETCATALOG_COMPILER_LAUNCHIMAGE_NAME = LaunchImage;
				GCC_PRECOMPILE_PREFIX_HEADER = YES;
				GCC_PREFIX_HEADER = "GLGroupChatPicView/GLGroupChatPicView-Prefix.pch";
				INFOPLIST_FILE = "GLGroupChatPicView/GLGroupChatPicView-Info.plist";
				PRODUCT_BUNDLE_IDENTIFIER = "org.me.${PRODUCT_NAME:rfc1034identifier}";
				PRODUCT_NAME = GLGroupChatPicView;
				WRAPPER_EXTENSION = app;
			};
			name = Release;
		};
		C7C47A231910EECB00009699 /* Debug */ = {
			isa = XCBuildConfiguration;
			buildSettings = {
				BUNDLE_LOADER = "$(BUILT_PRODUCTS_DIR)/GLGroupChatPicView.app/GLGroupChatPicView";
				FRAMEWORK_SEARCH_PATHS = (
					"$(SDKROOT)/Developer/Library/Frameworks",
					"$(inherited)",
					"$(DEVELOPER_FRAMEWORKS_DIR)",
				);
				GCC_PRECOMPILE_PREFIX_HEADER = YES;
				GCC_PREFIX_HEADER = "GLGroupChatPicView/GLGroupChatPicView-Prefix.pch";
				GCC_PREPROCESSOR_DEFINITIONS = (
					"DEBUG=1",
					"$(inherited)",
				);
				INFOPLIST_FILE = "GLGroupChatPicViewTests/GLGroupChatPicViewTests-Info.plist";
				PRODUCT_BUNDLE_IDENTIFIER = "org.me.${PRODUCT_NAME:rfc1034identifier}";
				PRODUCT_NAME = GLGroupChatPicViewTests;
				TEST_HOST = "$(BUNDLE_LOADER)";
				WRAPPER_EXTENSION = xctest;
			};
			name = Debug;
		};
		C7C47A241910EECB00009699 /* Release */ = {
			isa = XCBuildConfiguration;
			buildSettings = {
				BUNDLE_LOADER = "$(BUILT_PRODUCTS_DIR)/GLGroupChatPicView.app/GLGroupChatPicView";
				FRAMEWORK_SEARCH_PATHS = (
					"$(SDKROOT)/Developer/Library/Frameworks",
					"$(inherited)",
					"$(DEVELOPER_FRAMEWORKS_DIR)",
				);
				GCC_PRECOMPILE_PREFIX_HEADER = YES;
				GCC_PREFIX_HEADER = "GLGroupChatPicView/GLGroupChatPicView-Prefix.pch";
				INFOPLIST_FILE = "GLGroupChatPicViewTests/GLGroupChatPicViewTests-Info.plist";
				PRODUCT_BUNDLE_IDENTIFIER = "org.me.${PRODUCT_NAME:rfc1034identifier}";
				PRODUCT_NAME = GLGroupChatPicViewTests;
				TEST_HOST = "$(BUNDLE_LOADER)";
				WRAPPER_EXTENSION = xctest;
			};
			name = Release;
		};
/* End XCBuildConfiguration section */

/* Begin XCConfigurationList section */
		C7C479E81910EECA00009699 /* Build configuration list for PBXProject "GLGroupChatPicView" */ = {
			isa = XCConfigurationList;
			buildConfigurations = (
				C7C47A1D1910EECB00009699 /* Debug */,
				C7C47A1E1910EECB00009699 /* Release */,
			);
			defaultConfigurationIsVisible = 0;
			defaultConfigurationName = Release;
		};
		C7C47A1F1910EECB00009699 /* Build configuration list for PBXNativeTarget "GLGroupChatPicView" */ = {
			isa = XCConfigurationList;
			buildConfigurations = (
				C7C47A201910EECB00009699 /* Debug */,
				C7C47A211910EECB00009699 /* Release */,
			);
			defaultConfigurationIsVisible = 0;
			defaultConfigurationName = Release;
		};
		C7C47A221910EECB00009699 /* Build configuration list for PBXNativeTarget "GLGroupChatPicViewTests" */ = {
			isa = XCConfigurationList;
			buildConfigurations = (
				C7C47A231910EECB00009699 /* Debug */,
				C7C47A241910EECB00009699 /* Release */,
			);
			defaultConfigurationIsVisible = 0;
			defaultConfigurationName = Release;
		};
/* End XCConfigurationList section */
	};
	rootObject = C7C479E51910EECA00009699 /* Project object */;
}
